
Microsoft Visual Studio Solution File, Format Version 12.00
# Visual Studio 15
VisualStudioVersion = 15.0.27703.2018
MinimumVisualStudioVersion = 10.0.40219.1
Project("{FAE04EC0-301F-11D3-BF4B-00C04F79EFBC}") = "DailyRate", "DailyRate\DailyRate.csproj", "{64974C78-1B36-4C85-B1EA-873CEA8D4E27}"
EndProject
Project("{FAE04EC0-301F-11D3-BF4B-00C04F79EFBC}") = "DailyRate_optional", "DailyRate_optional\DailyRate_optional.csproj", "{47B00FBA-2236-4135-8C26-3653EFBB2664}"
EndProject
Global
	GlobalSection(SolutionConfigurationPlatforms) = preSolution
		Debug|Any CPU = Debug|Any CPU
		Release|Any CPU = Release|Any CPU
	EndGlobalSection
	GlobalSection(ProjectConfigurationPlatforms) = postSolution
		{64974C78-1B36-4C85-B1EA-873CEA8D4E27}.Debug|Any CPU.ActiveCfg = Debug|Any CPU
		{64974C78-1B36-4C85-B1EA-873CEA8D4E27}.Debug|Any CPU.Build.0 = Debug|Any CPU
		{64974C78-1B36-4C85-B1EA-873CEA8D4E27}.Release|Any CPU.ActiveCfg = Release|Any CPU
		{64974C78-1B36-4C85-B1EA-873CEA8D4E27}.Release|Any CPU.Build.0 = Release|Any CPU
		{47B00FBA-2236-4135-8C26-3653EFBB2664}.Debug|Any CPU.ActiveCfg = Debug|Any CPU
		{47B00FBA-2236-4135-8C26-3653EFBB2664}.Debug|Any CPU.Build.0 = Debug|Any CPU
		{47B00FBA-2236-4135-8C26-3653EFBB2664}.Release|Any CPU.ActiveCfg = Release|Any CPU
		{47B00FBA-2236-4135-8C26-3653EFBB2664}.Release|Any CPU.Build.0 = Release|Any CPU
	EndGlobalSection
	GlobalSection(SolutionProperties) = preSolution
		HideSolutionNode = FALSE
	EndGlobalSection
	GlobalSection(ExtensibilityGlobals) = postSolution
		SolutionGuid = {94A2E3D5-A39F-41EE-BB4D-671598A890BD}
	EndGlobalSection
EndGlobal
